
Microsoft Visual Studio Solution File, Format Version 12.00
# Visual Studio 15
VisualStudioVersion = 15.0.28307.106
MinimumVisualStudioVersion = 10.0.40219.1
Project("{FAE04EC0-301F-11D3-BF4B-00C04F79EFBC}") = "Maths formulas", "Maths formulas\Maths formulas.csproj", "{87D0032F-96EA-4FB2-B0AE-0588F6788D43}"
EndProject
Global
	GlobalSection(SolutionConfigurationPlatforms) = preSolution
		Debug|Any CPU = Debug|Any CPU
		Release|Any CPU = Release|Any CPU
	EndGlobalSection
	GlobalSection(ProjectConfigurationPlatforms) = postSolution
		{87D0032F-96EA-4FB2-B0AE-0588F6788D43}.Debug|Any CPU.ActiveCfg = Debug|Any CPU
		{87D0032F-96EA-4FB2-B0AE-0588F6788D43}.Debug|Any CPU.Build.0 = Debug|Any CPU
		{87D0032F-96EA-4FB2-B0AE-0588F6788D43}.Release|Any CPU.ActiveCfg = Release|Any CPU
		{87D0032F-96EA-4FB2-B0AE-0588F6788D43}.Release|Any CPU.Build.0 = Release|Any CPU
	EndGlobalSection
	GlobalSection(SolutionProperties) = preSolution
		HideSolutionNode = FALSE
	EndGlobalSection
	GlobalSection(ExtensibilityGlobals) = postSolution
		SolutionGuid = {D3FE12B7-AF8F-4F81-85CA-4E87272A54F1}
	EndGlobalSection
EndGlobal
